
Microsoft Visual Studio Solution File, Format Version 12.00
# Visual Studio Version 17
VisualStudioVersion = 17.14.36429.23
MinimumVisualStudioVersion = 10.0.40219.1
Project("{FAE04EC0-301F-11D3-BF4B-00C04F79EFBC}") = "SongLibrary", "SongLibrary.csproj", "{8D34BF7A-B634-4354-9BF0-D81BB1514B77}"
EndProject
Project("{FAE04EC0-301F-11D3-BF4B-00C04F79EFBC}") = "SongLibraryTest", "SongLibraryTest\SongLibraryTest.csproj", "{06C811A6-1F15-9F33-563F-72D48A76D0DD}"
EndProject
Global
	GlobalSection(SolutionConfigurationPlatforms) = preSolution
		Debug|Any CPU = Debug|Any CPU
		Release|Any CPU = Release|Any CPU
	EndGlobalSection
	GlobalSection(ProjectConfigurationPlatforms) = postSolution
		{8D34BF7A-B634-4354-9BF0-D81BB1514B77}.Debug|Any CPU.ActiveCfg = Debug|Any CPU
		{8D34BF7A-B634-4354-9BF0-D81BB1514B77}.Debug|Any CPU.Build.0 = Debug|Any CPU
		{8D34BF7A-B634-4354-9BF0-D81BB1514B77}.Release|Any CPU.ActiveCfg = Release|Any CPU
		{8D34BF7A-B634-4354-9BF0-D81BB1514B77}.Release|Any CPU.Build.0 = Release|Any CPU
		{06C811A6-1F15-9F33-563F-72D48A76D0DD}.Debug|Any CPU.ActiveCfg = Debug|Any CPU
		{06C811A6-1F15-9F33-563F-72D48A76D0DD}.Debug|Any CPU.Build.0 = Debug|Any CPU
		{06C811A6-1F15-9F33-563F-72D48A76D0DD}.Release|Any CPU.ActiveCfg = Release|Any CPU
		{06C811A6-1F15-9F33-563F-72D48A76D0DD}.Release|Any CPU.Build.0 = Release|Any CPU
	EndGlobalSection
	GlobalSection(SolutionProperties) = preSolution
		HideSolutionNode = FALSE
	EndGlobalSection
	GlobalSection(ExtensibilityGlobals) = postSolution
		SolutionGuid = {79897DFF-17FD-4852-9B05-3B520EEF4936}
	EndGlobalSection
EndGlobal
